
Microsoft Visual Studio Solution File, Format Version 12.00
# Visual Studio Version 16
VisualStudioVersion = 16.0.29911.84
MinimumVisualStudioVersion = 10.0.40219.1
Project("{151D2E53-A2C4-4D7D-83FE-D05416EBD58E}") = "vm-creating", "vm-creating\vm-creating.deployproj", "{B5069C28-AE10-4048-8B7B-DE451661B8A0}"
EndProject
Global
	GlobalSection(SolutionConfigurationPlatforms) = preSolution
		Debug|Any CPU = Debug|Any CPU
		Release|Any CPU = Release|Any CPU
	EndGlobalSection
	GlobalSection(ProjectConfigurationPlatforms) = postSolution
		{B5069C28-AE10-4048-8B7B-DE451661B8A0}.Debug|Any CPU.ActiveCfg = Debug|Any CPU
		{B5069C28-AE10-4048-8B7B-DE451661B8A0}.Debug|Any CPU.Build.0 = Debug|Any CPU
		{B5069C28-AE10-4048-8B7B-DE451661B8A0}.Release|Any CPU.ActiveCfg = Release|Any CPU
		{B5069C28-AE10-4048-8B7B-DE451661B8A0}.Release|Any CPU.Build.0 = Release|Any CPU
	EndGlobalSection
	GlobalSection(SolutionProperties) = preSolution
		HideSolutionNode = FALSE
	EndGlobalSection
	GlobalSection(ExtensibilityGlobals) = postSolution
		SolutionGuid = {C6075103-D8CE-4F91-A20E-368A5D39A1F5}
	EndGlobalSection
EndGlobal
